// !$*UTF8*$!
{
	archiveVersion = 1;
	classes = {
	};
	objectVersion = 46;
	objects = {

/* Begin PBXBuildFile section */
		D32DDEB819B63A72006DBB73 /* AppDelegate.swift in Sources */ = {isa = PBXBuildFile; fileRef = D32DDEB719B63A72006DBB73 /* AppDelegate.swift */; };
		D32DDEBA19B63A72006DBB73 /* ViewController.swift in Sources */ = {isa = PBXBuildFile; fileRef = D32DDEB919B63A72006DBB73 /* ViewController.swift */; };
		D32DDEBD19B63A72006DBB73 /* Main.storyboard in Resources */ = {isa = PBXBuildFile; fileRef = D32DDEBB19B63A72006DBB73 /* Main.storyboard */; };
		D32DDEBF19B63A72006DBB73 /* Images.xcassets in Resources */ = {isa = PBXBuildFile; fileRef = D32DDEBE19B63A72006DBB73 /* Images.xcassets */; };
		D32DDECB19B63A72006DBB73 /* Swift_ReachabilityTests.swift in Sources */ = {isa = PBXBuildFile; fileRef = D32DDECA19B63A72006DBB73 /* Swift_ReachabilityTests.swift */; };
		D32DDED519B63A9D006DBB73 /* SystemConfiguration.framework in Frameworks */ = {isa = PBXBuildFile; fileRef = D32DDED419B63A9D006DBB73 /* SystemConfiguration.framework */; };
		D32DDED719B63B12006DBB73 /* Reachability.swift in Sources */ = {isa = PBXBuildFile; fileRef = D32DDED619B63B12006DBB73 /* Reachability.swift */; };
/* End PBXBuildFile section */

/* Begin PBXContainerItemProxy section */
		D32DDEC519B63A72006DBB73 /* PBXContainerItemProxy */ = {
			isa = PBXContainerItemProxy;
			containerPortal = D32DDEAA19B63A72006DBB73 /* Project object */;
			proxyType = 1;
			remoteGlobalIDString = D32DDEB119B63A72006DBB73;
			remoteInfo = "Swift-Reachability";
		};
/* End PBXContainerItemProxy section */

/* Begin PBXFileReference section */
		D32DDEB219B63A72006DBB73 /* Swift-Reachability.app */ = {isa = PBXFileReference; explicitFileType = wrapper.application; includeInIndex = 0; path = "Swift-Reachability.app"; sourceTree = BUILT_PRODUCTS_DIR; };
		D32DDEB619B63A72006DBB73 /* Info.plist */ = {isa = PBXFileReference; lastKnownFileType = text.plist.xml; path = Info.plist; sourceTree = "<group>"; };
		D32DDEB719B63A72006DBB73 /* AppDelegate.swift */ = {isa = PBXFileReference; lastKnownFileType = sourcecode.swift; path = AppDelegate.swift; sourceTree = "<group>"; };
		D32DDEB919B63A72006DBB73 /* ViewController.swift */ = {isa = PBXFileReference; lastKnownFileType = sourcecode.swift; path = ViewController.swift; sourceTree = "<group>"; };
		D32DDEBC19B63A72006DBB73 /* Base */ = {isa = PBXFileReference; lastKnownFileType = file.storyboard; name = Base; path = Base.lproj/Main.storyboard; sourceTree = "<group>"; };
		D32DDEBE19B63A72006DBB73 /* Images.xcassets */ = {isa = PBXFileReference; lastKnownFileType = folder.assetcatalog; path = Images.xcassets; sourceTree = "<group>"; };
		D32DDEC419B63A72006DBB73 /* Swift-ReachabilityTests.xctest */ = {isa = PBXFileReference; explicitFileType = wrapper.cfbundle; includeInIndex = 0; path = "Swift-ReachabilityTests.xctest"; sourceTree = BUILT_PRODUCTS_DIR; };
		D32DDEC919B63A72006DBB73 /* Info.plist */ = {isa = PBXFileReference; lastKnownFileType = text.plist.xml; path = Info.plist; sourceTree = "<group>"; };
		D32DDECA19B63A72006DBB73 /* Swift_ReachabilityTests.swift */ = {isa = PBXFileReference; lastKnownFileType = sourcecode.swift; path = Swift_ReachabilityTests.swift; sourceTree = "<group>"; };
		D32DDED419B63A9D006DBB73 /* SystemConfiguration.framework */ = {isa = PBXFileReference; lastKnownFileType = wrapper.framework; name = SystemConfiguration.framework; path = System/Library/Frameworks/SystemConfiguration.framework; sourceTree = SDKROOT; };
		D32DDED619B63B12006DBB73 /* Reachability.swift */ = {isa = PBXFileReference; fileEncoding = 4; lastKnownFileType = sourcecode.swift; path = Reachability.swift; sourceTree = "<group>"; };
/* End PBXFileReference section */

/* Begin PBXFrameworksBuildPhase section */
		D32DDEAF19B63A72006DBB73 /* Frameworks */ = {
			isa = PBXFrameworksBuildPhase;
			buildActionMask = 2147483647;
			files = (
				D32DDED519B63A9D006DBB73 /* SystemConfiguration.framework in Frameworks */,
			);
			runOnlyForDeploymentPostprocessing = 0;
		};
		D32DDEC119B63A72006DBB73 /* Frameworks */ = {
			isa = PBXFrameworksBuildPhase;
			buildActionMask = 2147483647;
			files = (
			);
			runOnlyForDeploymentPostprocessing = 0;
		};
/* End PBXFrameworksBuildPhase section */

/* Begin PBXGroup section */
		D32DDEA919B63A72006DBB73 = {
			isa = PBXGroup;
			children = (
				D32DDED419B63A9D006DBB73 /* SystemConfiguration.framework */,
				D32DDEB419B63A72006DBB73 /* Swift-Reachability */,
				D32DDEB519B63A72006DBB73 /* Supporting Files */,
				D32DDEC719B63A72006DBB73 /* Swift-ReachabilityTests */,
				D32DDEB319B63A72006DBB73 /* Products */,
			);
			sourceTree = "<group>";
		};
		D32DDEB319B63A72006DBB73 /* Products */ = {
			isa = PBXGroup;
			children = (
				D32DDEB219B63A72006DBB73 /* Swift-Reachability.app */,
				D32DDEC419B63A72006DBB73 /* Swift-ReachabilityTests.xctest */,
			);
			name = Products;
			sourceTree = "<group>";
		};
		D32DDEB419B63A72006DBB73 /* Swift-Reachability */ = {
			isa = PBXGroup;
			children = (
				D32DDEB719B63A72006DBB73 /* AppDelegate.swift */,
				D32DDEB919B63A72006DBB73 /* ViewController.swift */,
				D32DDEBB19B63A72006DBB73 /* Main.storyboard */,
				D32DDEBE19B63A72006DBB73 /* Images.xcassets */,
				D32DDED619B63B12006DBB73 /* Reachability.swift */,
			);
			path = "Swift-Reachability";
			sourceTree = "<group>";
		};
		D32DDEB519B63A72006DBB73 /* Supporting Files */ = {
			isa = PBXGroup;
			children = (
				D32DDEB619B63A72006DBB73 /* Info.plist */,
			);
			name = "Supporting Files";
			path = "Swift-Reachability";
			sourceTree = "<group>";
		};
		D32DDEC719B63A72006DBB73 /* Swift-ReachabilityTests */ = {
			isa = PBXGroup;
			children = (
				D32DDECA19B63A72006DBB73 /* Swift_ReachabilityTests.swift */,
				D32DDEC819B63A72006DBB73 /* Supporting Files */,
			);
			path = "Swift-ReachabilityTests";
			sourceTree = "<group>";
		};
		D32DDEC819B63A72006DBB73 /* Supporting Files */ = {
			isa = PBXGroup;
			children = (
				D32DDEC919B63A72006DBB73 /* Info.plist */,
			);
			name = "Supporting Files";
			sourceTree = "<group>";
		};
/* End PBXGroup section */

/* Begin PBXNativeTarget section */
		D32DDEB119B63A72006DBB73 /* Swift-Reachability */ = {
			isa = PBXNativeTarget;
			buildConfigurationList = D32DDECE19B63A72006DBB73 /* Build configuration list for PBXNativeTarget "Swift-Reachability" */;
			buildPhases = (
				D32DDEAE19B63A72006DBB73 /* Sources */,
				D32DDEAF19B63A72006DBB73 /* Frameworks */,
				D32DDEB019B63A72006DBB73 /* Resources */,
			);
			buildRules = (
			);
			dependencies = (
			);
			name = "Swift-Reachability";
			productName = "Swift-Reachability";
			productReference = D32DDEB219B63A72006DBB73 /* Swift-Reachability.app */;
			productType = "com.apple.product-type.application";
		};
		D32DDEC319B63A72006DBB73 /* Swift-ReachabilityTests */ = {
			isa = PBXNativeTarget;
			buildConfigurationList = D32DDED119B63A72006DBB73 /* Build configuration list for PBXNativeTarget "Swift-ReachabilityTests" */;
			buildPhases = (
				D32DDEC019B63A72006DBB73 /* Sources */,
				D32DDEC119B63A72006DBB73 /* Frameworks */,
				D32DDEC219B63A72006DBB73 /* Resources */,
			);
			buildRules = (
			);
			dependencies = (
				D32DDEC619B63A72006DBB73 /* PBXTargetDependency */,
			);
			name = "Swift-ReachabilityTests";
			productName = "Swift-ReachabilityTests";
			productReference = D32DDEC419B63A72006DBB73 /* Swift-ReachabilityTests.xctest */;
			productType = "com.apple.product-type.bundle.unit-test";
		};
/* End PBXNativeTarget section */

/* Begin PBXProject section */
		D32DDEAA19B63A72006DBB73 /* Project object */ = {
			isa = PBXProject;
			attributes = {
				LastUpgradeCheck = 0600;
				ORGANIZATIONNAME = "Isuru Nanayakkara";
				TargetAttributes = {
					D32DDEB119B63A72006DBB73 = {
						CreatedOnToolsVersion = 6.0;
					};
					D32DDEC319B63A72006DBB73 = {
						CreatedOnToolsVersion = 6.0;
						TestTargetID = D32DDEB119B63A72006DBB73;
					};
				};
			};
			buildConfigurationList = D32DDEAD19B63A72006DBB73 /* Build configuration list for PBXProject "Swift-Reachability" */;
			compatibilityVersion = "Xcode 3.2";
			developmentRegion = English;
			hasScannedForEncodings = 0;
			knownRegions = (
				en,
				Base,
			);
			mainGroup = D32DDEA919B63A72006DBB73;
			productRefGroup = D32DDEB319B63A72006DBB73 /* Products */;
			projectDirPath = "";
			projectRoot = "";
			targets = (
				D32DDEB119B63A72006DBB73 /* Swift-Reachability */,
				D32DDEC319B63A72006DBB73 /* Swift-ReachabilityTests */,
			);
		};
/* End PBXProject section */

/* Begin PBXResourcesBuildPhase section */
		D32DDEB019B63A72006DBB73 /* Resources */ = {
			isa = PBXResourcesBuildPhase;
			buildActionMask = 2147483647;
			files = (
				D32DDEBD19B63A72006DBB73 /* Main.storyboard in Resources */,
				D32DDEBF19B63A72006DBB73 /* Images.xcassets in Resources */,
			);
			runOnlyForDeploymentPostprocessing = 0;
		};
		D32DDEC219B63A72006DBB73 /* Resources */ = {
			isa = PBXResourcesBuildPhase;
			buildActionMask = 2147483647;
			files = (
			);
			runOnlyForDeploymentPostprocessing = 0;
		};
/* End PBXResourcesBuildPhase section */

/* Begin PBXSourcesBuildPhase section */
		D32DDEAE19B63A72006DBB73 /* Sources */ = {
			isa = PBXSourcesBuildPhase;
			buildActionMask = 2147483647;
			files = (
				D32DDEBA19B63A72006DBB73 /* ViewController.swift in Sources */,
				D32DDEB819B63A72006DBB73 /* AppDelegate.swift in Sources */,
				D32DDED719B63B12006DBB73 /* Reachability.swift in Sources */,
			);
			runOnlyForDeploymentPostprocessing = 0;
		};
		D32DDEC019B63A72006DBB73 /* Sources */ = {
			isa = PBXSourcesBuildPhase;
			buildActionMask = 2147483647;
			files = (
				D32DDECB19B63A72006DBB73 /* Swift_ReachabilityTests.swift in Sources */,
			);
			runOnlyForDeploymentPostprocessing = 0;
		};
/* End PBXSourcesBuildPhase section */

/* Begin PBXTargetDependency section */
		D32DDEC619B63A72006DBB73 /* PBXTargetDependency */ = {
			isa = PBXTargetDependency;
			target = D32DDEB119B63A72006DBB73 /* Swift-Reachability */;
			targetProxy = D32DDEC519B63A72006DBB73 /* PBXContainerItemProxy */;
		};
/* End PBXTargetDependency section */

/* Begin PBXVariantGroup section */
		D32DDEBB19B63A72006DBB73 /* Main.storyboard */ = {
			isa = PBXVariantGroup;
			children = (
				D32DDEBC19B63A72006DBB73 /* Base */,
			);
			name = Main.storyboard;
			sourceTree = "<group>";
		};
/* End PBXVariantGroup section */

/* Begin XCBuildConfiguration section */
		D32DDECC19B63A72006DBB73 /* Debug */ = {
			isa = XCBuildConfiguration;
			buildSettings = {
				ALWAYS_SEARCH_USER_PATHS = NO;
				CLANG_CXX_LANGUAGE_STANDARD = "gnu++0x";
				CLANG_CXX_LIBRARY = "libc++";
				CLANG_ENABLE_MODULES = YES;
				CLANG_ENABLE_OBJC_ARC = YES;
				CLANG_WARN_BOOL_CONVERSION = YES;
				CLANG_WARN_CONSTANT_CONVERSION = YES;
				CLANG_WARN_DIRECT_OBJC_ISA_USAGE = YES_ERROR;
				CLANG_WARN_EMPTY_BODY = YES;
				CLANG_WARN_ENUM_CONVERSION = YES;
				CLANG_WARN_INT_CONVERSION = YES;
				CLANG_WARN_OBJC_ROOT_CLASS = YES_ERROR;
				CLANG_WARN_UNREACHABLE_CODE = YES;
				CLANG_WARN__DUPLICATE_METHOD_MATCH = YES;
				"CODE_SIGN_IDENTITY[sdk=iphoneos*]" = "iPhone Developer";
				COPY_PHASE_STRIP = NO;
				ENABLE_STRICT_OBJC_MSGSEND = YES;
				GCC_C_LANGUAGE_STANDARD = gnu99;
				GCC_DYNAMIC_NO_PIC = NO;
				GCC_OPTIMIZATION_LEVEL = 0;
				GCC_PREPROCESSOR_DEFINITIONS = (
					"DEBUG=1",
					"$(inherited)",
				);
				GCC_SYMBOLS_PRIVATE_EXTERN = NO;
				GCC_WARN_64_TO_32_BIT_CONVERSION = YES;
				GCC_WARN_ABOUT_RETURN_TYPE = YES_ERROR;
				GCC_WARN_UNDECLARED_SELECTOR = YES;
				GCC_WARN_UNINITIALIZED_AUTOS = YES_AGGRESSIVE;
				GCC_WARN_UNUSED_FUNCTION = YES;
				GCC_WARN_UNUSED_VARIABLE = YES;
				IPHONEOS_DEPLOYMENT_TARGET = 8.0;
				MTL_ENABLE_DEBUG_INFO = YES;
				ONLY_ACTIVE_ARCH = YES;
				SDKROOT = iphoneos;
				SWIFT_OPTIMIZATION_LEVEL = "-Onone";
			};
			name = Debug;
		};
		D32DDECD19B63A72006DBB73 /* Release */ = {
			isa = XCBuildConfiguration;
			buildSettings = {
				ALWAYS_SEARCH_USER_PATHS = NO;
				CLANG_CXX_LANGUAGE_STANDARD = "gnu++0x";
				CLANG_CXX_LIBRARY = "libc++";
				CLANG_ENABLE_MODULES = YES;
				CLANG_ENABLE_OBJC_ARC = YES;
				CLANG_WARN_BOOL_CONVERSION = YES;
				CLANG_WARN_CONSTANT_CONVERSION = YES;
				CLANG_WARN_DIRECT_OBJC_ISA_USAGE = YES_ERROR;
				CLANG_WARN_EMPTY_BODY = YES;
				CLANG_WARN_ENUM_CONVERSION = YES;
				CLANG_WARN_INT_CONVERSION = YES;
				CLANG_WARN_OBJC_ROOT_CLASS = YES_ERROR;
				CLANG_WARN_UNREACHABLE_CODE = YES;
				CLANG_WARN__DUPLICATE_METHOD_MATCH = YES;
				"CODE_SIGN_IDENTITY[sdk=iphoneos*]" = "iPhone Developer";
				COPY_PHASE_STRIP = YES;
				ENABLE_NS_ASSERTIONS = NO;
				ENABLE_STRICT_OBJC_MSGSEND = YES;
				GCC_C_LANGUAGE_STANDARD = gnu99;
				GCC_WARN_64_TO_32_BIT_CONVERSION = YES;
				GCC_WARN_ABOUT_RETURN_TYPE = YES_ERROR;
				GCC_WARN_UNDECLARED_SELECTOR = YES;
				GCC_WARN_UNINITIALIZED_AUTOS = YES_AGGRESSIVE;
				GCC_WARN_UNUSED_FUNCTION = YES;
				GCC_WARN_UNUSED_VARIABLE = YES;
				IPHONEOS_DEPLOYMENT_TARGET = 8.0;
				MTL_ENABLE_DEBUG_INFO = NO;
				SDKROOT = iphoneos;
				VALIDATE_PRODUCT = YES;
			};
			name = Release;
		};
		D32DDECF19B63A72006DBB73 /* Debug */ = {
			isa = XCBuildConfiguration;
			buildSettings = {
				ASSETCATALOG_COMPILER_APPICON_NAME = AppIcon;
				ASSETCATALOG_COMPILER_LAUNCHIMAGE_NAME = LaunchImage;
				INFOPLIST_FILE = "Swift-Reachability/Info.plist";
				LD_RUNPATH_SEARCH_PATHS = "$(inherited) @executable_path/Frameworks";
				PRODUCT_NAME = "$(TARGET_NAME)";
			};
			name = Debug;
		};
		D32DDED019B63A72006DBB73 /* Release */ = {
			isa = XCBuildConfiguration;
			buildSettings = {
				ASSETCATALOG_COMPILER_APPICON_NAME = AppIcon;
				ASSETCATALOG_COMPILER_LAUNCHIMAGE_NAME = LaunchImage;
				INFOPLIST_FILE = "Swift-Reachability/Info.plist";
				LD_RUNPATH_SEARCH_PATHS = "$(inherited) @executable_path/Frameworks";
				PRODUCT_NAME = "$(TARGET_NAME)";
			};
			name = Release;
		};
		D32DDED219B63A72006DBB73 /* Debug */ = {
			isa = XCBuildConfiguration;
			buildSettings = {
				BUNDLE_LOADER = "$(TEST_HOST)";
				FRAMEWORK_SEARCH_PATHS = (
					"$(SDKROOT)/Developer/Library/Frameworks",
					"$(inherited)",
				);
				GCC_PREPROCESSOR_DEFINITIONS = (
					"DEBUG=1",
					"$(inherited)",
				);
				INFOPLIST_FILE = "Swift-ReachabilityTests/Info.plist";
				LD_RUNPATH_SEARCH_PATHS = "$(inherited) @executable_path/Frameworks @loader_path/Frameworks";
				PRODUCT_NAME = "$(TARGET_NAME)";
				TEST_HOST = "$(BUILT_PRODUCTS_DIR)/Swift-Reachability.app/Swift-Reachability";
			};
			name = Debug;
		};
		D32DDED319B63A72006DBB73 /* Release */ = {
			isa = XCBuildConfiguration;
			buildSettings = {
				BUNDLE_LOADER = "$(TEST_HOST)";
				FRAMEWORK_SEARCH_PATHS = (
					"$(SDKROOT)/Developer/Library/Frameworks",
					"$(inherited)",
				);
				INFOPLIST_FILE = "Swift-ReachabilityTests/Info.plist";
				LD_RUNPATH_SEARCH_PATHS = "$(inherited) @executable_path/Frameworks @loader_path/Frameworks";
				PRODUCT_NAME = "$(TARGET_NAME)";
				TEST_HOST = "$(BUILT_PRODUCTS_DIR)/Swift-Reachability.app/Swift-Reachability";
			};
			name = Release;
		};
/* End XCBuildConfiguration section */

/* Begin XCConfigurationList section */
		D32DDEAD19B63A72006DBB73 /* Build configuration list for PBXProject "Swift-Reachability" */ = {
			isa = XCConfigurationList;
			buildConfigurations = (
				D32DDECC19B63A72006DBB73 /* Debug */,
				D32DDECD19B63A72006DBB73 /* Release */,
			);
			defaultConfigurationIsVisible = 0;
			defaultConfigurationName = Release;
		};
		D32DDECE19B63A72006DBB73 /* Build configuration list for PBXNativeTarget "Swift-Reachability" */ = {
			isa = XCConfigurationList;
			buildConfigurations = (
				D32DDECF19B63A72006DBB73 /* Debug */,
				D32DDED019B63A72006DBB73 /* Release */,
			);
			defaultConfigurationIsVisible = 0;
		};
		D32DDED119B63A72006DBB73 /* Build configuration list for PBXNativeTarget "Swift-ReachabilityTests" */ = {
			isa = XCConfigurationList;
			buildConfigurations = (
				D32DDED219B63A72006DBB73 /* Debug */,
				D32DDED319B63A72006DBB73 /* Release */,
			);
			defaultConfigurationIsVisible = 0;
		};
/* End XCConfigurationList section */
	};
	rootObject = D32DDEAA19B63A72006DBB73 /* Project object */;
}
